
Microsoft Visual Studio Solution File, Format Version 12.00
# Visual Studio 15
VisualStudioVersion = 15.0.28307.1062
MinimumVisualStudioVersion = 10.0.40219.1
Project("{FAE04EC0-301F-11D3-BF4B-00C04F79EFBC}") = "FPD", "FPD\FPD.csproj", "{306220F1-D445-4AE1-93FD-CCDE51F7169E}"
EndProject
Project("{FAE04EC0-301F-11D3-BF4B-00C04F79EFBC}") = "HID_Handler", "HID_Handler\HID_Handler.csproj", "{263F571A-59CF-4499-80C1-36CC489D3DBA}"
EndProject
Global
	GlobalSection(SolutionConfigurationPlatforms) = preSolution
		Debug|Any CPU = Debug|Any CPU
		Debug|x86 = Debug|x86
		Release|Any CPU = Release|Any CPU
		Release|x86 = Release|x86
	EndGlobalSection
	GlobalSection(ProjectConfigurationPlatforms) = postSolution
		{306220F1-D445-4AE1-93FD-CCDE51F7169E}.Debug|Any CPU.ActiveCfg = Debug|Any CPU
		{306220F1-D445-4AE1-93FD-CCDE51F7169E}.Debug|Any CPU.Build.0 = Debug|Any CPU
		{306220F1-D445-4AE1-93FD-CCDE51F7169E}.Debug|x86.ActiveCfg = Debug|x86
		{306220F1-D445-4AE1-93FD-CCDE51F7169E}.Debug|x86.Build.0 = Debug|x86
		{306220F1-D445-4AE1-93FD-CCDE51F7169E}.Release|Any CPU.ActiveCfg = Release|Any CPU
		{306220F1-D445-4AE1-93FD-CCDE51F7169E}.Release|Any CPU.Build.0 = Release|Any CPU
		{306220F1-D445-4AE1-93FD-CCDE51F7169E}.Release|x86.ActiveCfg = Release|x86
		{306220F1-D445-4AE1-93FD-CCDE51F7169E}.Release|x86.Build.0 = Release|x86
		{263F571A-59CF-4499-80C1-36CC489D3DBA}.Debug|Any CPU.ActiveCfg = Debug|Any CPU
		{263F571A-59CF-4499-80C1-36CC489D3DBA}.Debug|Any CPU.Build.0 = Debug|Any CPU
		{263F571A-59CF-4499-80C1-36CC489D3DBA}.Debug|x86.ActiveCfg = Debug|Any CPU
		{263F571A-59CF-4499-80C1-36CC489D3DBA}.Debug|x86.Build.0 = Debug|Any CPU
		{263F571A-59CF-4499-80C1-36CC489D3DBA}.Release|Any CPU.ActiveCfg = Release|Any CPU
		{263F571A-59CF-4499-80C1-36CC489D3DBA}.Release|Any CPU.Build.0 = Release|Any CPU
		{263F571A-59CF-4499-80C1-36CC489D3DBA}.Release|x86.ActiveCfg = Release|Any CPU
		{263F571A-59CF-4499-80C1-36CC489D3DBA}.Release|x86.Build.0 = Release|Any CPU
	EndGlobalSection
	GlobalSection(SolutionProperties) = preSolution
		HideSolutionNode = FALSE
	EndGlobalSection
	GlobalSection(ExtensibilityGlobals) = postSolution
		SolutionGuid = {F517FC38-72F2-4626-9470-0D7ADEE2719F}
	EndGlobalSection
EndGlobal
